
Microsoft Visual Studio Solution File, Format Version 12.00
# Visual Studio Version 17
VisualStudioVersion = 17.1.32414.318
MinimumVisualStudioVersion = 10.0.40219.1
Project("{FAE04EC0-301F-11D3-BF4B-00C04F79EFBC}") = "2DReflectionAgainstY", "WindowsFormsApp1\2DReflectionAgainstY.csproj", "{688FA1DF-8B3B-45E5-8350-B4ADF99C2B66}"
EndProject
Global
	GlobalSection(SolutionConfigurationPlatforms) = preSolution
		Debug|Any CPU = Debug|Any CPU
		Release|Any CPU = Release|Any CPU
	EndGlobalSection
	GlobalSection(ProjectConfigurationPlatforms) = postSolution
		{688FA1DF-8B3B-45E5-8350-B4ADF99C2B66}.Debug|Any CPU.ActiveCfg = Debug|Any CPU
		{688FA1DF-8B3B-45E5-8350-B4ADF99C2B66}.Debug|Any CPU.Build.0 = Debug|Any CPU
		{688FA1DF-8B3B-45E5-8350-B4ADF99C2B66}.Release|Any CPU.ActiveCfg = Release|Any CPU
		{688FA1DF-8B3B-45E5-8350-B4ADF99C2B66}.Release|Any CPU.Build.0 = Release|Any CPU
	EndGlobalSection
	GlobalSection(SolutionProperties) = preSolution
		HideSolutionNode = FALSE
	EndGlobalSection
	GlobalSection(ExtensibilityGlobals) = postSolution
		SolutionGuid = {77081036-36B8-42BF-B111-DAA571755247}
	EndGlobalSection
EndGlobal
